
Microsoft Visual Studio Solution File, Format Version 12.00
# Visual Studio Version 17
VisualStudioVersion = 17.0.32014.148
MinimumVisualStudioVersion = 10.0.40219.1
Project("{9A19103F-16F7-4668-BE54-9A1E7A4F7556}") = "spaceInvaders", "spaceInvaders.csproj", "{233021A4-44E5-4980-BDCB-1ACB4693989C}"
EndProject
Global
	GlobalSection(SolutionConfigurationPlatforms) = preSolution
		Debug|Any CPU = Debug|Any CPU
		Debug|ARM64 = Debug|ARM64
		Release|Any CPU = Release|Any CPU
		Release|ARM64 = Release|ARM64
	EndGlobalSection
	GlobalSection(ProjectConfigurationPlatforms) = postSolution
		{233021A4-44E5-4980-BDCB-1ACB4693989C}.Debug|Any CPU.ActiveCfg = Debug|Any CPU
		{233021A4-44E5-4980-BDCB-1ACB4693989C}.Debug|Any CPU.Build.0 = Debug|Any CPU
		{233021A4-44E5-4980-BDCB-1ACB4693989C}.Debug|ARM64.ActiveCfg = Debug|ARM64
		{233021A4-44E5-4980-BDCB-1ACB4693989C}.Debug|ARM64.Build.0 = Debug|ARM64
		{233021A4-44E5-4980-BDCB-1ACB4693989C}.Release|Any CPU.ActiveCfg = Release|Any CPU
		{233021A4-44E5-4980-BDCB-1ACB4693989C}.Release|Any CPU.Build.0 = Release|Any CPU
		{233021A4-44E5-4980-BDCB-1ACB4693989C}.Release|ARM64.ActiveCfg = Release|ARM64
		{233021A4-44E5-4980-BDCB-1ACB4693989C}.Release|ARM64.Build.0 = Release|ARM64
	EndGlobalSection
	GlobalSection(SolutionProperties) = preSolution
		HideSolutionNode = FALSE
	EndGlobalSection
	GlobalSection(ExtensibilityGlobals) = postSolution
		SolutionGuid = {5E2ACBC4-4D8D-4F1D-AF64-B0791C3AD898}
	EndGlobalSection
EndGlobal
